{
  "name": "shuishouba",
  "version": "1.0.0",
  "lockfileVersion": 1,
  "requires": true,
  "dependencies": {
    "zl_calculator_zl": {
      "version": "1.0.3",
      "resolved": "https://registry.npmjs.org/zl_calculator_zl/-/zl_calculator_zl-1.0.3.tgz",
      "integrity": "sha512-UURr9Y5QEbY0W+NBVUpcKxZkzbolW8cwM2ng0D4Z581daLDviwHpxghQbLbihol8ZNNUJYr9pUGnVR1yVhRUXQ=="
    }
  }
}
